{
  "plugin_version": "0.3.0",
  "kernel_version": "0.3.0",
  "contracts": 2,
  "contract_digest": "sha256:3e9a85d0c7b34dfd189e97c866a097306a72fc952f68e42de521a5e4dfa25358",
  "profile": "generic",
  "profile_digest": "sha256:e6001bc40435e7f3ca0f8ba8a9e1cd672d117e285af829e55446db0e30eade4a",
  "dispatch_binding_digest": "sha256:07a7b98a7724360ee7a5dff2105050daca64732efcf7235f2f4cb6745bd9c1f6",
  "providers": [
    {
      "id": "agents",
      "version": "0.3.0",
      "manifest_sha256": "sha256:a5d3380801f2121f9b356ee35967101ac69112086c2df9beca2e0c86fce35033",
      "catalog_sha256": "sha256:db6cba900a90330663e13bcd638c78e49a646dc750b2df610db08f6e2eadc1c9",
      "dependencies": []
    }
  ]
}
